
Microsoft Visual Studio Solution File, Format Version 12.00
Project("{FAE04EC0-301F-11D3-BF4B-00C04F79EFBC}") = "Apple.AppStoreConnect", "src\Apple.AppStoreConnect\Apple.AppStoreConnect.csproj", "{5C1DE36B-D30D-4595-AC7F-C87A91BEBABA}"
EndProject
Project("{2150E333-8FDC-42A3-9474-1A3956D46DE8}") = "_SolutionFiles", "_SolutionFiles", "{A0CB57C1-6B09-4FFC-A90D-232DF7099DB6}"
	ProjectSection(SolutionItems) = preProject
		.editorconfig = .editorconfig
		.gitattributes = .gitattributes
		.gitignore = .gitignore
		GitVersion.yml = GitVersion.yml
		README.md = README.md
		src\WarningConfiguration.targets = src\WarningConfiguration.targets
		.github\dependabot.yml = .github\dependabot.yml
		.config\dotnet-tools.json = .config\dotnet-tools.json
	EndProjectSection
EndProject
Project("{2150E333-8FDC-42A3-9474-1A3956D46DE8}") = "workflows", "workflows", "{41F367B1-2907-4A57-BCE7-253D144AEC3B}"
	ProjectSection(SolutionItems) = preProject
		.github\workflows\build.yml = .github\workflows\build.yml
		.github\workflows\nightly-release.yml = .github\workflows\nightly-release.yml
		.github\workflows\pr-build.yml = .github\workflows\pr-build.yml
		.github\workflows\release.yml = .github\workflows\release.yml
	EndProjectSection
EndProject
Project("{FAE04EC0-301F-11D3-BF4B-00C04F79EFBC}") = "Apple.AppStoreConnect.Tests", "src\Apple.AppStoreConnect.Tests\Apple.AppStoreConnect.Tests.csproj", "{A300C564-B7FB-443A-A4B7-620A40DAD338}"
EndProject
Project("{2150E333-8FDC-42A3-9474-1A3956D46DE8}") = "Tests", "Tests", "{6DC80BC8-A821-4B35-B462-EBE28736F838}"
EndProject
Project("{FAE04EC0-301F-11D3-BF4B-00C04F79EFBC}") = "Apple.AppStoreConnect.Playground", "src\Apple.AppStoreConnect.Playground\Apple.AppStoreConnect.Playground.csproj", "{684A4BB4-CF2A-45F8-9179-67EBF2848F18}"
EndProject
Project("{FAE04EC0-301F-11D3-BF4B-00C04F79EFBC}") = "Apple.AppStoreConnect.PreprocessOpenApi", "src\Apple.AppStoreConnect.PreprocessOpenApi\Apple.AppStoreConnect.PreprocessOpenApi.csproj", "{1DCD4236-3C7E-461B-B9CD-52512B32B6A2}"
EndProject
Global
	GlobalSection(SolutionConfigurationPlatforms) = preSolution
		Debug|Any CPU = Debug|Any CPU
		Release|Any CPU = Release|Any CPU
	EndGlobalSection
	GlobalSection(ProjectConfigurationPlatforms) = postSolution
		{5C1DE36B-D30D-4595-AC7F-C87A91BEBABA}.Debug|Any CPU.ActiveCfg = Debug|Any CPU
		{5C1DE36B-D30D-4595-AC7F-C87A91BEBABA}.Debug|Any CPU.Build.0 = Debug|Any CPU
		{5C1DE36B-D30D-4595-AC7F-C87A91BEBABA}.Release|Any CPU.ActiveCfg = Release|Any CPU
		{5C1DE36B-D30D-4595-AC7F-C87A91BEBABA}.Release|Any CPU.Build.0 = Release|Any CPU
		{A300C564-B7FB-443A-A4B7-620A40DAD338}.Debug|Any CPU.ActiveCfg = Debug|Any CPU
		{A300C564-B7FB-443A-A4B7-620A40DAD338}.Debug|Any CPU.Build.0 = Debug|Any CPU
		{A300C564-B7FB-443A-A4B7-620A40DAD338}.Release|Any CPU.ActiveCfg = Release|Any CPU
		{A300C564-B7FB-443A-A4B7-620A40DAD338}.Release|Any CPU.Build.0 = Release|Any CPU
		{684A4BB4-CF2A-45F8-9179-67EBF2848F18}.Debug|Any CPU.ActiveCfg = Debug|Any CPU
		{684A4BB4-CF2A-45F8-9179-67EBF2848F18}.Debug|Any CPU.Build.0 = Debug|Any CPU
		{684A4BB4-CF2A-45F8-9179-67EBF2848F18}.Release|Any CPU.ActiveCfg = Release|Any CPU
		{684A4BB4-CF2A-45F8-9179-67EBF2848F18}.Release|Any CPU.Build.0 = Release|Any CPU
		{1DCD4236-3C7E-461B-B9CD-52512B32B6A2}.Debug|Any CPU.ActiveCfg = Debug|Any CPU
		{1DCD4236-3C7E-461B-B9CD-52512B32B6A2}.Debug|Any CPU.Build.0 = Debug|Any CPU
		{1DCD4236-3C7E-461B-B9CD-52512B32B6A2}.Release|Any CPU.ActiveCfg = Release|Any CPU
		{1DCD4236-3C7E-461B-B9CD-52512B32B6A2}.Release|Any CPU.Build.0 = Release|Any CPU
	EndGlobalSection
	GlobalSection(NestedProjects) = preSolution
		{41F367B1-2907-4A57-BCE7-253D144AEC3B} = {A0CB57C1-6B09-4FFC-A90D-232DF7099DB6}
		{A300C564-B7FB-443A-A4B7-620A40DAD338} = {6DC80BC8-A821-4B35-B462-EBE28736F838}
		{684A4BB4-CF2A-45F8-9179-67EBF2848F18} = {6DC80BC8-A821-4B35-B462-EBE28736F838}
	EndGlobalSection
EndGlobal
