
Microsoft Visual Studio Solution File, Format Version 12.00
Project("{FAE04EC0-301F-11D3-BF4B-00C04F79EFBC}") = "Apple.AppStoreConnect", "src\Apple.AppStoreConnect\Apple.AppStoreConnect.csproj", "{5C1DE36B-D30D-4595-AC7F-C87A91BEBABA}"
EndProject
Project("{2150E333-8FDC-42A3-9474-1A3956D46DE8}") = "_SolutionFiles", "_SolutionFiles", "{A0CB57C1-6B09-4FFC-A90D-232DF7099DB6}"
	ProjectSection(SolutionItems) = preProject
		.editorconfig = .editorconfig
		.gitattributes = .gitattributes
		.gitignore = .gitignore
		GitVersion.yml = GitVersion.yml
		README.md = README.md
		src\WarningConfiguration.targets = src\WarningConfiguration.targets
		.github\dependabot.yml = .github\dependabot.yml
		.config\dotnet-tools.json = .config\dotnet-tools.json
	EndProjectSection
EndProject
Project("{2150E333-8FDC-42A3-9474-1A3956D46DE8}") = "workflows", "workflows", "{41F367B1-2907-4A57-BCE7-253D144AEC3B}"
	ProjectSection(SolutionItems) = preProject
		.github\workflows\build.yml = .github\workflows\build.yml
		.github\workflows\nightly-release.yml = .github\workflows\nightly-release.yml
		.github\workflows\pr-build.yml = .github\workflows\pr-build.yml
		.github\workflows\release.yml = .github\workflows\release.yml
	EndProjectSection
EndProject
Project("{FAE04EC0-301F-11D3-BF4B-00C04F79EFBC}") = "Apple.AppStoreConnect.DependencyInjection", "src\Apple.AppStoreConnect.DependencyInjection\Apple.AppStoreConnect.DependencyInjection.csproj", "{F6F69E08-219D-4D94-9979-BFED994DF3BA}"
EndProject
Project("{FAE04EC0-301F-11D3-BF4B-00C04F79EFBC}") = "Apple.AppStoreConnect.DependencyInjection.Generator", "src\Apple.AppStoreConnect.DependencyInjection.Generator\Apple.AppStoreConnect.DependencyInjection.Generator.csproj", "{28C1B7E9-6C2A-439B-B101-C67C9C0C1923}"
EndProject
Project("{FAE04EC0-301F-11D3-BF4B-00C04F79EFBC}") = "Test.Apple.AppStoreConnect", "src\Test.Apple.AppStoreConnect\Test.Apple.AppStoreConnect.csproj", "{A300C564-B7FB-443A-A4B7-620A40DAD338}"
EndProject
Project("{FAE04EC0-301F-11D3-BF4B-00C04F79EFBC}") = "Apple.AppStoreConnect.Generator", "src\Apple.AppStoreConnect.Generator\Apple.AppStoreConnect.Generator.csproj", "{E433055E-6D95-45FD-83F5-F8BCE3E432CE}"
EndProject
Project("{FAE04EC0-301F-11D3-BF4B-00C04F79EFBC}") = "Apple.AppStoreConnect.GeneratorCommon", "src\Apple.AppStoreConnect.GeneratorCommon\Apple.AppStoreConnect.GeneratorCommon.csproj", "{1F32BDF4-EF4D-4815-8E75-2223D254B569}"
EndProject
Global
	GlobalSection(SolutionConfigurationPlatforms) = preSolution
		Debug|Any CPU = Debug|Any CPU
		Release|Any CPU = Release|Any CPU
	EndGlobalSection
	GlobalSection(ProjectConfigurationPlatforms) = postSolution
		{5C1DE36B-D30D-4595-AC7F-C87A91BEBABA}.Debug|Any CPU.ActiveCfg = Debug|Any CPU
		{5C1DE36B-D30D-4595-AC7F-C87A91BEBABA}.Debug|Any CPU.Build.0 = Debug|Any CPU
		{5C1DE36B-D30D-4595-AC7F-C87A91BEBABA}.Release|Any CPU.ActiveCfg = Release|Any CPU
		{5C1DE36B-D30D-4595-AC7F-C87A91BEBABA}.Release|Any CPU.Build.0 = Release|Any CPU
		{F6F69E08-219D-4D94-9979-BFED994DF3BA}.Debug|Any CPU.ActiveCfg = Debug|Any CPU
		{F6F69E08-219D-4D94-9979-BFED994DF3BA}.Debug|Any CPU.Build.0 = Debug|Any CPU
		{F6F69E08-219D-4D94-9979-BFED994DF3BA}.Release|Any CPU.ActiveCfg = Release|Any CPU
		{F6F69E08-219D-4D94-9979-BFED994DF3BA}.Release|Any CPU.Build.0 = Release|Any CPU
		{28C1B7E9-6C2A-439B-B101-C67C9C0C1923}.Debug|Any CPU.ActiveCfg = Debug|Any CPU
		{28C1B7E9-6C2A-439B-B101-C67C9C0C1923}.Debug|Any CPU.Build.0 = Debug|Any CPU
		{28C1B7E9-6C2A-439B-B101-C67C9C0C1923}.Release|Any CPU.ActiveCfg = Release|Any CPU
		{28C1B7E9-6C2A-439B-B101-C67C9C0C1923}.Release|Any CPU.Build.0 = Release|Any CPU
		{A300C564-B7FB-443A-A4B7-620A40DAD338}.Debug|Any CPU.ActiveCfg = Debug|Any CPU
		{A300C564-B7FB-443A-A4B7-620A40DAD338}.Debug|Any CPU.Build.0 = Debug|Any CPU
		{A300C564-B7FB-443A-A4B7-620A40DAD338}.Release|Any CPU.ActiveCfg = Release|Any CPU
		{A300C564-B7FB-443A-A4B7-620A40DAD338}.Release|Any CPU.Build.0 = Release|Any CPU
		{E433055E-6D95-45FD-83F5-F8BCE3E432CE}.Debug|Any CPU.ActiveCfg = Debug|Any CPU
		{E433055E-6D95-45FD-83F5-F8BCE3E432CE}.Debug|Any CPU.Build.0 = Debug|Any CPU
		{E433055E-6D95-45FD-83F5-F8BCE3E432CE}.Release|Any CPU.ActiveCfg = Release|Any CPU
		{E433055E-6D95-45FD-83F5-F8BCE3E432CE}.Release|Any CPU.Build.0 = Release|Any CPU
		{1F32BDF4-EF4D-4815-8E75-2223D254B569}.Debug|Any CPU.ActiveCfg = Debug|Any CPU
		{1F32BDF4-EF4D-4815-8E75-2223D254B569}.Debug|Any CPU.Build.0 = Debug|Any CPU
		{1F32BDF4-EF4D-4815-8E75-2223D254B569}.Release|Any CPU.ActiveCfg = Release|Any CPU
		{1F32BDF4-EF4D-4815-8E75-2223D254B569}.Release|Any CPU.Build.0 = Release|Any CPU
	EndGlobalSection
	GlobalSection(NestedProjects) = preSolution
		{41F367B1-2907-4A57-BCE7-253D144AEC3B} = {A0CB57C1-6B09-4FFC-A90D-232DF7099DB6}
	EndGlobalSection
EndGlobal
